// !$*UTF8*$!
{
	archiveVersion = 1;
	classes = {
	};
	objectVersion = 50;
	objects = {

/* Begin PBXBuildFile section */
		3F5EF1BA249C168B0076EEEE /* AnnouncementDetailsView.swift in Sources */ = {isa = PBXBuildFile; fileRef = 3F5EF1B9249C168B0076EEEE /* AnnouncementDetailsView.swift */; };
		3F6B598624981BB000B9C90D /* Entities.swift in Sources */ = {isa = PBXBuildFile; fileRef = 3F6B598524981BB000B9C90D /* Entities.swift */; };
		3F6B59882498247A00B9C90D /* announcementTableViewCell.swift in Sources */ = {isa = PBXBuildFile; fileRef = 3F6B59872498247A00B9C90D /* announcementTableViewCell.swift */; };
		3FADD4C0248EDD4300E62366 /* AppDelegate.swift in Sources */ = {isa = PBXBuildFile; fileRef = 3FADD4BF248EDD4300E62366 /* AppDelegate.swift */; };
		3FADD4C2248EDD4300E62366 /* SceneDelegate.swift in Sources */ = {isa = PBXBuildFile; fileRef = 3FADD4C1248EDD4300E62366 /* SceneDelegate.swift */; };
		3FADD4C4248EDD4300E62366 /* AnnouncementsTableViewController.swift in Sources */ = {isa = PBXBuildFile; fileRef = 3FADD4C3248EDD4300E62366 /* AnnouncementsTableViewController.swift */; };
		3FADD4C7248EDD4300E62366 /* Main.storyboard in Resources */ = {isa = PBXBuildFile; fileRef = 3FADD4C5248EDD4300E62366 /* Main.storyboard */; };
		3FADD4C9248EDD4C00E62366 /* Assets.xcassets in Resources */ = {isa = PBXBuildFile; fileRef = 3FADD4C8248EDD4C00E62366 /* Assets.xcassets */; };
		3FADD4CC248EDD4C00E62366 /* LaunchScreen.storyboard in Resources */ = {isa = PBXBuildFile; fileRef = 3FADD4CA248EDD4C00E62366 /* LaunchScreen.storyboard */; };
/* End PBXBuildFile section */

/* Begin PBXFileReference section */
		3F5EF1B9249C168B0076EEEE /* AnnouncementDetailsView.swift */ = {isa = PBXFileReference; lastKnownFileType = sourcecode.swift; path = AnnouncementDetailsView.swift; sourceTree = "<group>"; };
		3F6B598524981BB000B9C90D /* Entities.swift */ = {isa = PBXFileReference; lastKnownFileType = sourcecode.swift; path = Entities.swift; sourceTree = "<group>"; };
		3F6B59872498247A00B9C90D /* announcementTableViewCell.swift */ = {isa = PBXFileReference; lastKnownFileType = sourcecode.swift; path = announcementTableViewCell.swift; sourceTree = "<group>"; };
		3FADD4BC248EDD4300E62366 /* MdvApp.app */ = {isa = PBXFileReference; explicitFileType = wrapper.application; includeInIndex = 0; path = MdvApp.app; sourceTree = BUILT_PRODUCTS_DIR; };
		3FADD4BF248EDD4300E62366 /* AppDelegate.swift */ = {isa = PBXFileReference; lastKnownFileType = sourcecode.swift; path = AppDelegate.swift; sourceTree = "<group>"; };
		3FADD4C1248EDD4300E62366 /* SceneDelegate.swift */ = {isa = PBXFileReference; lastKnownFileType = sourcecode.swift; path = SceneDelegate.swift; sourceTree = "<group>"; };
		3FADD4C3248EDD4300E62366 /* AnnouncementsTableViewController.swift */ = {isa = PBXFileReference; lastKnownFileType = sourcecode.swift; path = AnnouncementsTableViewController.swift; sourceTree = "<group>"; };
		3FADD4C6248EDD4300E62366 /* Base */ = {isa = PBXFileReference; lastKnownFileType = file.storyboard; name = Base; path = Base.lproj/Main.storyboard; sourceTree = "<group>"; };
		3FADD4C8248EDD4C00E62366 /* Assets.xcassets */ = {isa = PBXFileReference; lastKnownFileType = folder.assetcatalog; path = Assets.xcassets; sourceTree = "<group>"; };
		3FADD4CB248EDD4C00E62366 /* Base */ = {isa = PBXFileReference; lastKnownFileType = file.storyboard; name = Base; path = Base.lproj/LaunchScreen.storyboard; sourceTree = "<group>"; };
		3FADD4CD248EDD4C00E62366 /* Info.plist */ = {isa = PBXFileReference; lastKnownFileType = text.plist.xml; path = Info.plist; sourceTree = "<group>"; };
/* End PBXFileReference section */

/* Begin PBXFrameworksBuildPhase section */
		3FADD4B9248EDD4200E62366 /* Frameworks */ = {
			isa = PBXFrameworksBuildPhase;
			buildActionMask = 2147483647;
			files = (
			);
			runOnlyForDeploymentPostprocessing = 0;
		};
/* End PBXFrameworksBuildPhase section */

/* Begin PBXGroup section */
		3FADD4B3248EDD4200E62366 = {
			isa = PBXGroup;
			children = (
				3FADD4BE248EDD4300E62366 /* MdvApp */,
				3FADD4BD248EDD4300E62366 /* Products */,
			);
			sourceTree = "<group>";
		};
		3FADD4BD248EDD4300E62366 /* Products */ = {
			isa = PBXGroup;
			children = (
				3FADD4BC248EDD4300E62366 /* MdvApp.app */,
			);
			name = Products;
			sourceTree = "<group>";
		};
		3FADD4BE248EDD4300E62366 /* MdvApp */ = {
			isa = PBXGroup;
			children = (
				3FADD4BF248EDD4300E62366 /* AppDelegate.swift */,
				3FADD4C1248EDD4300E62366 /* SceneDelegate.swift */,
				3FADD4C3248EDD4300E62366 /* AnnouncementsTableViewController.swift */,
				3FADD4C5248EDD4300E62366 /* Main.storyboard */,
				3FADD4C8248EDD4C00E62366 /* Assets.xcassets */,
				3FADD4CA248EDD4C00E62366 /* LaunchScreen.storyboard */,
				3FADD4CD248EDD4C00E62366 /* Info.plist */,
				3F6B598524981BB000B9C90D /* Entities.swift */,
				3F6B59872498247A00B9C90D /* announcementTableViewCell.swift */,
				3F5EF1B9249C168B0076EEEE /* AnnouncementDetailsView.swift */,
			);
			path = MdvApp;
			sourceTree = "<group>";
		};
/* End PBXGroup section */

/* Begin PBXNativeTarget section */
		3FADD4BB248EDD4200E62366 /* MdvApp */ = {
			isa = PBXNativeTarget;
			buildConfigurationList = 3FADD4D0248EDD4C00E62366 /* Build configuration list for PBXNativeTarget "MdvApp" */;
			buildPhases = (
				3FADD4B8248EDD4200E62366 /* Sources */,
				3FADD4B9248EDD4200E62366 /* Frameworks */,
				3FADD4BA248EDD4200E62366 /* Resources */,
			);
			buildRules = (
			);
			dependencies = (
			);
			name = MdvApp;
			productName = MdvApp;
			productReference = 3FADD4BC248EDD4300E62366 /* MdvApp.app */;
			productType = "com.apple.product-type.application";
		};
/* End PBXNativeTarget section */

/* Begin PBXProject section */
		3FADD4B4248EDD4200E62366 /* Project object */ = {
			isa = PBXProject;
			attributes = {
				LastSwiftUpdateCheck = 1150;
				LastUpgradeCheck = 1150;
				TargetAttributes = {
					3FADD4BB248EDD4200E62366 = {
						CreatedOnToolsVersion = 11.5;
					};
				};
			};
			buildConfigurationList = 3FADD4B7248EDD4200E62366 /* Build configuration list for PBXProject "MdvApp" */;
			compatibilityVersion = "Xcode 9.3";
			developmentRegion = en;
			hasScannedForEncodings = 0;
			knownRegions = (
				en,
				Base,
			);
			mainGroup = 3FADD4B3248EDD4200E62366;
			productRefGroup = 3FADD4BD248EDD4300E62366 /* Products */;
			projectDirPath = "";
			projectRoot = "";
			targets = (
				3FADD4BB248EDD4200E62366 /* MdvApp */,
			);
		};
/* End PBXProject section */

/* Begin PBXResourcesBuildPhase section */
		3FADD4BA248EDD4200E62366 /* Resources */ = {
			isa = PBXResourcesBuildPhase;
			buildActionMask = 2147483647;
			files = (
				3FADD4CC248EDD4C00E62366 /* LaunchScreen.storyboard in Resources */,
				3FADD4C9248EDD4C00E62366 /* Assets.xcassets in Resources */,
				3FADD4C7248EDD4300E62366 /* Main.storyboard in Resources */,
			);
			runOnlyForDeploymentPostprocessing = 0;
		};
/* End PBXResourcesBuildPhase section */

/* Begin PBXSourcesBuildPhase section */
		3FADD4B8248EDD4200E62366 /* Sources */ = {
			isa = PBXSourcesBuildPhase;
			buildActionMask = 2147483647;
			files = (
				3FADD4C4248EDD4300E62366 /* AnnouncementsTableViewController.swift in Sources */,
				3F6B59882498247A00B9C90D /* announcementTableViewCell.swift in Sources */,
				3FADD4C0248EDD4300E62366 /* AppDelegate.swift in Sources */,
				3F5EF1BA249C168B0076EEEE /* AnnouncementDetailsView.swift in Sources */,
				3F6B598624981BB000B9C90D /* Entities.swift in Sources */,
				3FADD4C2248EDD4300E62366 /* SceneDelegate.swift in Sources */,
			);
			runOnlyForDeploymentPostprocessing = 0;
		};
/* End PBXSourcesBuildPhase section */

/* Begin PBXVariantGroup section */
		3FADD4C5248EDD4300E62366 /* Main.storyboard */ = {
			isa = PBXVariantGroup;
			children = (
				3FADD4C6248EDD4300E62366 /* Base */,
			);
			name = Main.storyboard;
			sourceTree = "<group>";
		};
		3FADD4CA248EDD4C00E62366 /* LaunchScreen.storyboard */ = {
			isa = PBXVariantGroup;
			children = (
				3FADD4CB248EDD4C00E62366 /* Base */,
			);
			name = LaunchScreen.storyboard;
			sourceTree = "<group>";
		};
/* End PBXVariantGroup section */

/* Begin XCBuildConfiguration section */
		3FADD4CE248EDD4C00E62366 /* Debug */ = {
			isa = XCBuildConfiguration;
			buildSettings = {
				ALWAYS_SEARCH_USER_PATHS = NO;
				CLANG_ANALYZER_NONNULL = YES;
				CLANG_ANALYZER_NUMBER_OBJECT_CONVERSION = YES_AGGRESSIVE;
				CLANG_CXX_LANGUAGE_STANDARD = "gnu++14";
				CLANG_CXX_LIBRARY = "libc++";
				CLANG_ENABLE_MODULES = YES;
				CLANG_ENABLE_OBJC_ARC = YES;
				CLANG_ENABLE_OBJC_WEAK = YES;
				CLANG_WARN_BLOCK_CAPTURE_AUTORELEASING = YES;
				CLANG_WARN_BOOL_CONVERSION = YES;
				CLANG_WARN_COMMA = YES;
				CLANG_WARN_CONSTANT_CONVERSION = YES;
				CLANG_WARN_DEPRECATED_OBJC_IMPLEMENTATIONS = YES;
				CLANG_WARN_DIRECT_OBJC_ISA_USAGE = YES_ERROR;
				CLANG_WARN_DOCUMENTATION_COMMENTS = YES;
				CLANG_WARN_EMPTY_BODY = YES;
				CLANG_WARN_ENUM_CONVERSION = YES;
				CLANG_WARN_INFINITE_RECURSION = YES;
				CLANG_WARN_INT_CONVERSION = YES;
				CLANG_WARN_NON_LITERAL_NULL_CONVERSION = YES;
				CLANG_WARN_OBJC_IMPLICIT_RETAIN_SELF = YES;
				CLANG_WARN_OBJC_LITERAL_CONVERSION = YES;
				CLANG_WARN_OBJC_ROOT_CLASS = YES_ERROR;
				CLANG_WARN_RANGE_LOOP_ANALYSIS = YES;
				CLANG_WARN_STRICT_PROTOTYPES = YES;
				CLANG_WARN_SUSPICIOUS_MOVE = YES;
				CLANG_WARN_UNGUARDED_AVAILABILITY = YES_AGGRESSIVE;
				CLANG_WARN_UNREACHABLE_CODE = YES;
				CLANG_WARN__DUPLICATE_METHOD_MATCH = YES;
				COPY_PHASE_STRIP = NO;
				DEBUG_INFORMATION_FORMAT = dwarf;
				ENABLE_STRICT_OBJC_MSGSEND = YES;
				ENABLE_TESTABILITY = YES;
				GCC_C_LANGUAGE_STANDARD = gnu11;
				GCC_DYNAMIC_NO_PIC = NO;
				GCC_NO_COMMON_BLOCKS = YES;
				GCC_OPTIMIZATION_LEVEL = 0;
				GCC_PREPROCESSOR_DEFINITIONS = (
					"DEBUG=1",
					"$(inherited)",
				);
				GCC_WARN_64_TO_32_BIT_CONVERSION = YES;
				GCC_WARN_ABOUT_RETURN_TYPE = YES_ERROR;
				GCC_WARN_UNDECLARED_SELECTOR = YES;
				GCC_WARN_UNINITIALIZED_AUTOS = YES_AGGRESSIVE;
				GCC_WARN_UNUSED_FUNCTION = YES;
				GCC_WARN_UNUSED_VARIABLE = YES;
				IPHONEOS_DEPLOYMENT_TARGET = 13.5;
				MTL_ENABLE_DEBUG_INFO = INCLUDE_SOURCE;
				MTL_FAST_MATH = YES;
				ONLY_ACTIVE_ARCH = YES;
				SDKROOT = iphoneos;
				SWIFT_ACTIVE_COMPILATION_CONDITIONS = DEBUG;
				SWIFT_OPTIMIZATION_LEVEL = "-Onone";
			};
			name = Debug;
		};
		3FADD4CF248EDD4C00E62366 /* Release */ = {
			isa = XCBuildConfiguration;
			buildSettings = {
				ALWAYS_SEARCH_USER_PATHS = NO;
				CLANG_ANALYZER_NONNULL = YES;
				CLANG_ANALYZER_NUMBER_OBJECT_CONVERSION = YES_AGGRESSIVE;
				CLANG_CXX_LANGUAGE_STANDARD = "gnu++14";
				CLANG_CXX_LIBRARY = "libc++";
				CLANG_ENABLE_MODULES = YES;
				CLANG_ENABLE_OBJC_ARC = YES;
				CLANG_ENABLE_OBJC_WEAK = YES;
				CLANG_WARN_BLOCK_CAPTURE_AUTORELEASING = YES;
				CLANG_WARN_BOOL_CONVERSION = YES;
				CLANG_WARN_COMMA = YES;
				CLANG_WARN_CONSTANT_CONVERSION = YES;
				CLANG_WARN_DEPRECATED_OBJC_IMPLEMENTATIONS = YES;
				CLANG_WARN_DIRECT_OBJC_ISA_USAGE = YES_ERROR;
				CLANG_WARN_DOCUMENTATION_COMMENTS = YES;
				CLANG_WARN_EMPTY_BODY = YES;
				CLANG_WARN_ENUM_CONVERSION = YES;
				CLANG_WARN_INFINITE_RECURSION = YES;
				CLANG_WARN_INT_CONVERSION = YES;
				CLANG_WARN_NON_LITERAL_NULL_CONVERSION = YES;
				CLANG_WARN_OBJC_IMPLICIT_RETAIN_SELF = YES;
				CLANG_WARN_OBJC_LITERAL_CONVERSION = YES;
				CLANG_WARN_OBJC_ROOT_CLASS = YES_ERROR;
				CLANG_WARN_RANGE_LOOP_ANALYSIS = YES;
				CLANG_WARN_STRICT_PROTOTYPES = YES;
				CLANG_WARN_SUSPICIOUS_MOVE = YES;
				CLANG_WARN_UNGUARDED_AVAILABILITY = YES_AGGRESSIVE;
				CLANG_WARN_UNREACHABLE_CODE = YES;
				CLANG_WARN__DUPLICATE_METHOD_MATCH = YES;
				COPY_PHASE_STRIP = NO;
				DEBUG_INFORMATION_FORMAT = "dwarf-with-dsym";
				ENABLE_NS_ASSERTIONS = NO;
				ENABLE_STRICT_OBJC_MSGSEND = YES;
				GCC_C_LANGUAGE_STANDARD = gnu11;
				GCC_NO_COMMON_BLOCKS = YES;
				GCC_WARN_64_TO_32_BIT_CONVERSION = YES;
				GCC_WARN_ABOUT_RETURN_TYPE = YES_ERROR;
				GCC_WARN_UNDECLARED_SELECTOR = YES;
				GCC_WARN_UNINITIALIZED_AUTOS = YES_AGGRESSIVE;
				GCC_WARN_UNUSED_FUNCTION = YES;
				GCC_WARN_UNUSED_VARIABLE = YES;
				IPHONEOS_DEPLOYMENT_TARGET = 13.5;
				MTL_ENABLE_DEBUG_INFO = NO;
				MTL_FAST_MATH = YES;
				SDKROOT = iphoneos;
				SWIFT_COMPILATION_MODE = wholemodule;
				SWIFT_OPTIMIZATION_LEVEL = "-O";
				VALIDATE_PRODUCT = YES;
			};
			name = Release;
		};
		3FADD4D1248EDD4C00E62366 /* Debug */ = {
			isa = XCBuildConfiguration;
			buildSettings = {
				ASSETCATALOG_COMPILER_APPICON_NAME = AppIcon;
				CODE_SIGN_STYLE = Automatic;
				INFOPLIST_FILE = MdvApp/Info.plist;
				LD_RUNPATH_SEARCH_PATHS = (
					"$(inherited)",
					"@executable_path/Frameworks",
				);
				PRODUCT_BUNDLE_IDENTIFIER = com.laraibenterprises.MdvApp;
				PRODUCT_NAME = "$(TARGET_NAME)";
				SWIFT_VERSION = 5.0;
				TARGETED_DEVICE_FAMILY = "1,2";
			};
			name = Debug;
		};
		3FADD4D2248EDD4C00E62366 /* Release */ = {
			isa = XCBuildConfiguration;
			buildSettings = {
				ASSETCATALOG_COMPILER_APPICON_NAME = AppIcon;
				CODE_SIGN_STYLE = Automatic;
				INFOPLIST_FILE = MdvApp/Info.plist;
				LD_RUNPATH_SEARCH_PATHS = (
					"$(inherited)",
					"@executable_path/Frameworks",
				);
				PRODUCT_BUNDLE_IDENTIFIER = com.laraibenterprises.MdvApp;
				PRODUCT_NAME = "$(TARGET_NAME)";
				SWIFT_VERSION = 5.0;
				TARGETED_DEVICE_FAMILY = "1,2";
			};
			name = Release;
		};
/* End XCBuildConfiguration section */

/* Begin XCConfigurationList section */
		3FADD4B7248EDD4200E62366 /* Build configuration list for PBXProject "MdvApp" */ = {
			isa = XCConfigurationList;
			buildConfigurations = (
				3FADD4CE248EDD4C00E62366 /* Debug */,
				3FADD4CF248EDD4C00E62366 /* Release */,
			);
			defaultConfigurationIsVisible = 0;
			defaultConfigurationName = Release;
		};
		3FADD4D0248EDD4C00E62366 /* Build configuration list for PBXNativeTarget "MdvApp" */ = {
			isa = XCConfigurationList;
			buildConfigurations = (
				3FADD4D1248EDD4C00E62366 /* Debug */,
				3FADD4D2248EDD4C00E62366 /* Release */,
			);
			defaultConfigurationIsVisible = 0;
			defaultConfigurationName = Release;
		};
/* End XCConfigurationList section */
	};
	rootObject = 3FADD4B4248EDD4200E62366 /* Project object */;
}
